
Microsoft Visual Studio Solution File, Format Version 12.00
Project("{FAE04EC0-301F-11D3-BF4B-00C04F79EFBC}") = "DP1-Criacao-01-Singleton", "DP1-Criacao-01-Singleton\DP1-Criacao-01-Singleton.csproj", "{D3C54A4B-636C-475C-8B59-8D556F87CDF8}"
EndProject
Project("{FAE04EC0-301F-11D3-BF4B-00C04F79EFBC}") = "DP1-Criacao-02-FactoryMethod", "DP1-Criacao-02-FactoryMethod\DP1-Criacao-02-FactoryMethod.csproj", "{5BFD1B64-0887-4849-95F1-9AA48E60EC57}"
EndProject
Project("{FAE04EC0-301F-11D3-BF4B-00C04F79EFBC}") = "DP1-Criacao-03-AbstractFactory", "DP1-Criacao-03-AbstractFactory\DP1-Criacao-03-AbstractFactory.csproj", "{E1F89125-DAC2-43E4-A915-D51D55E1714F}"
EndProject
Project("{FAE04EC0-301F-11D3-BF4B-00C04F79EFBC}") = "DP1-Criacao-04-Builder", "DP1-Criacao-04-Builder\DP1-Criacao-04-Builder.csproj", "{11AF2AAF-3E66-4C89-B0D1-1DE9FD3C1386}"
EndProject
Project("{FAE04EC0-301F-11D3-BF4B-00C04F79EFBC}") = "DP1-Criacao-05-Prototype", "DP1-Criacao-05-Prototype\DP1-Criacao-05-Prototype.csproj", "{5B78A48E-A924-4EF9-9DE8-AFF7757B4996}"
EndProject
Project("{FAE04EC0-301F-11D3-BF4B-00C04F79EFBC}") = "DP2-Estrutural-01-Adapter", "DP2-Estrutural-01-Adapter\DP2-Estrutural-01-Adapter.csproj", "{3F2EB0A4-2DB3-4316-AF76-F02A50DF127E}"
EndProject
Project("{FAE04EC0-301F-11D3-BF4B-00C04F79EFBC}") = "DP2-Estrutural-02-Bridge", "DP2-Estrutural-02-Bridge\DP2-Estrutural-02-Bridge.csproj", "{A675CB1C-9DA6-4DBC-8CF9-1394FC1B7B3A}"
EndProject
Project("{FAE04EC0-301F-11D3-BF4B-00C04F79EFBC}") = "DP2-Estrutural-03-Composite", "DP2-Estrutural-03-Composite\DP2-Estrutural-03-Composite.csproj", "{15112B71-857B-48F7-93E5-FBD506E52A7D}"
EndProject
Project("{FAE04EC0-301F-11D3-BF4B-00C04F79EFBC}") = "DP2-Estrutural-04-Decorator", "DP2-Estrutural-04-Decorator\DP2-Estrutural-04-Decorator.csproj", "{3EA8B7EF-8CBB-4E72-A2C8-FDF1F0B0D231}"
EndProject
Global
	GlobalSection(SolutionConfigurationPlatforms) = preSolution
		Debug|Any CPU = Debug|Any CPU
		Release|Any CPU = Release|Any CPU
	EndGlobalSection
	GlobalSection(ProjectConfigurationPlatforms) = postSolution
		{D3C54A4B-636C-475C-8B59-8D556F87CDF8}.Debug|Any CPU.ActiveCfg = Debug|Any CPU
		{D3C54A4B-636C-475C-8B59-8D556F87CDF8}.Debug|Any CPU.Build.0 = Debug|Any CPU
		{D3C54A4B-636C-475C-8B59-8D556F87CDF8}.Release|Any CPU.ActiveCfg = Release|Any CPU
		{D3C54A4B-636C-475C-8B59-8D556F87CDF8}.Release|Any CPU.Build.0 = Release|Any CPU
		{5BFD1B64-0887-4849-95F1-9AA48E60EC57}.Debug|Any CPU.ActiveCfg = Debug|Any CPU
		{5BFD1B64-0887-4849-95F1-9AA48E60EC57}.Debug|Any CPU.Build.0 = Debug|Any CPU
		{5BFD1B64-0887-4849-95F1-9AA48E60EC57}.Release|Any CPU.ActiveCfg = Release|Any CPU
		{5BFD1B64-0887-4849-95F1-9AA48E60EC57}.Release|Any CPU.Build.0 = Release|Any CPU
		{E1F89125-DAC2-43E4-A915-D51D55E1714F}.Debug|Any CPU.ActiveCfg = Debug|Any CPU
		{E1F89125-DAC2-43E4-A915-D51D55E1714F}.Debug|Any CPU.Build.0 = Debug|Any CPU
		{E1F89125-DAC2-43E4-A915-D51D55E1714F}.Release|Any CPU.ActiveCfg = Release|Any CPU
		{E1F89125-DAC2-43E4-A915-D51D55E1714F}.Release|Any CPU.Build.0 = Release|Any CPU
		{11AF2AAF-3E66-4C89-B0D1-1DE9FD3C1386}.Debug|Any CPU.ActiveCfg = Debug|Any CPU
		{11AF2AAF-3E66-4C89-B0D1-1DE9FD3C1386}.Debug|Any CPU.Build.0 = Debug|Any CPU
		{11AF2AAF-3E66-4C89-B0D1-1DE9FD3C1386}.Release|Any CPU.ActiveCfg = Release|Any CPU
		{11AF2AAF-3E66-4C89-B0D1-1DE9FD3C1386}.Release|Any CPU.Build.0 = Release|Any CPU
		{5B78A48E-A924-4EF9-9DE8-AFF7757B4996}.Debug|Any CPU.ActiveCfg = Debug|Any CPU
		{5B78A48E-A924-4EF9-9DE8-AFF7757B4996}.Debug|Any CPU.Build.0 = Debug|Any CPU
		{5B78A48E-A924-4EF9-9DE8-AFF7757B4996}.Release|Any CPU.ActiveCfg = Release|Any CPU
		{5B78A48E-A924-4EF9-9DE8-AFF7757B4996}.Release|Any CPU.Build.0 = Release|Any CPU
		{3F2EB0A4-2DB3-4316-AF76-F02A50DF127E}.Debug|Any CPU.ActiveCfg = Debug|Any CPU
		{3F2EB0A4-2DB3-4316-AF76-F02A50DF127E}.Debug|Any CPU.Build.0 = Debug|Any CPU
		{3F2EB0A4-2DB3-4316-AF76-F02A50DF127E}.Release|Any CPU.ActiveCfg = Release|Any CPU
		{3F2EB0A4-2DB3-4316-AF76-F02A50DF127E}.Release|Any CPU.Build.0 = Release|Any CPU
		{A675CB1C-9DA6-4DBC-8CF9-1394FC1B7B3A}.Debug|Any CPU.ActiveCfg = Debug|Any CPU
		{A675CB1C-9DA6-4DBC-8CF9-1394FC1B7B3A}.Debug|Any CPU.Build.0 = Debug|Any CPU
		{A675CB1C-9DA6-4DBC-8CF9-1394FC1B7B3A}.Release|Any CPU.ActiveCfg = Release|Any CPU
		{A675CB1C-9DA6-4DBC-8CF9-1394FC1B7B3A}.Release|Any CPU.Build.0 = Release|Any CPU
		{15112B71-857B-48F7-93E5-FBD506E52A7D}.Debug|Any CPU.ActiveCfg = Debug|Any CPU
		{15112B71-857B-48F7-93E5-FBD506E52A7D}.Debug|Any CPU.Build.0 = Debug|Any CPU
		{15112B71-857B-48F7-93E5-FBD506E52A7D}.Release|Any CPU.ActiveCfg = Release|Any CPU
		{15112B71-857B-48F7-93E5-FBD506E52A7D}.Release|Any CPU.Build.0 = Release|Any CPU
		{3EA8B7EF-8CBB-4E72-A2C8-FDF1F0B0D231}.Debug|Any CPU.ActiveCfg = Debug|Any CPU
		{3EA8B7EF-8CBB-4E72-A2C8-FDF1F0B0D231}.Debug|Any CPU.Build.0 = Debug|Any CPU
		{3EA8B7EF-8CBB-4E72-A2C8-FDF1F0B0D231}.Release|Any CPU.ActiveCfg = Release|Any CPU
		{3EA8B7EF-8CBB-4E72-A2C8-FDF1F0B0D231}.Release|Any CPU.Build.0 = Release|Any CPU
	EndGlobalSection
EndGlobal
