
Microsoft Visual Studio Solution File, Format Version 12.00
Project("{FAE04EC0-301F-11D3-BF4B-00C04F79EFBC}") = "DP1-Criacao-01-Singleton", "DP1-Criacao-01-Singleton\DP1-Criacao-01-Singleton.csproj", "{D3C54A4B-636C-475C-8B59-8D556F87CDF8}"
EndProject
Project("{FAE04EC0-301F-11D3-BF4B-00C04F79EFBC}") = "DP1-Criacao-02-FactoryMethod", "DP1-Criacao-02-FactoryMethod\DP1-Criacao-02-FactoryMethod.csproj", "{5BFD1B64-0887-4849-95F1-9AA48E60EC57}"
EndProject
Global
	GlobalSection(SolutionConfigurationPlatforms) = preSolution
		Debug|Any CPU = Debug|Any CPU
		Release|Any CPU = Release|Any CPU
	EndGlobalSection
	GlobalSection(ProjectConfigurationPlatforms) = postSolution
		{D3C54A4B-636C-475C-8B59-8D556F87CDF8}.Debug|Any CPU.ActiveCfg = Debug|Any CPU
		{D3C54A4B-636C-475C-8B59-8D556F87CDF8}.Debug|Any CPU.Build.0 = Debug|Any CPU
		{D3C54A4B-636C-475C-8B59-8D556F87CDF8}.Release|Any CPU.ActiveCfg = Release|Any CPU
		{D3C54A4B-636C-475C-8B59-8D556F87CDF8}.Release|Any CPU.Build.0 = Release|Any CPU
		{5BFD1B64-0887-4849-95F1-9AA48E60EC57}.Debug|Any CPU.ActiveCfg = Debug|Any CPU
		{5BFD1B64-0887-4849-95F1-9AA48E60EC57}.Debug|Any CPU.Build.0 = Debug|Any CPU
		{5BFD1B64-0887-4849-95F1-9AA48E60EC57}.Release|Any CPU.ActiveCfg = Release|Any CPU
		{5BFD1B64-0887-4849-95F1-9AA48E60EC57}.Release|Any CPU.Build.0 = Release|Any CPU
	EndGlobalSection
EndGlobal
